// !$*UTF8*$!
{
	archiveVersion = 1;
	classes = {
	};
	objectVersion = 50;
	objects = {

/* Begin PBXBuildFile section */
		AD5551EE2593FCFC00507423 /* ProfileEditor.swift in Sources */ = {isa = PBXBuildFile; fileRef = AD5551ED2593FCFC00507423 /* ProfileEditor.swift */; };
		AD5551F12593FE0800507423 /* LandmarkNew.swift in Sources */ = {isa = PBXBuildFile; fileRef = AD5551F02593FE0800507423 /* LandmarkNew.swift */; };
		AD61248925939DBD008BE835 /* ModelData.swift in Sources */ = {isa = PBXBuildFile; fileRef = AD61248825939DBD008BE835 /* ModelData.swift */; };
		AD61248C25939EDE008BE835 /* LandmarkRow.swift in Sources */ = {isa = PBXBuildFile; fileRef = AD61248B25939EDE008BE835 /* LandmarkRow.swift */; };
		AD61248F2593A7E1008BE835 /* LandmarkList.swift in Sources */ = {isa = PBXBuildFile; fileRef = AD61248E2593A7E1008BE835 /* LandmarkList.swift */; };
		AD6124922593A9E0008BE835 /* LandmarkDetail.swift in Sources */ = {isa = PBXBuildFile; fileRef = AD6124912593A9E0008BE835 /* LandmarkDetail.swift */; };
		AD6124952593C369008BE835 /* FavoriteButton.swift in Sources */ = {isa = PBXBuildFile; fileRef = AD6124942593C369008BE835 /* FavoriteButton.swift */; };
		AD61249D2593CAB9008BE835 /* SearchBar.swift in Sources */ = {isa = PBXBuildFile; fileRef = AD61249C2593CAB9008BE835 /* SearchBar.swift */; };
		AD6124A02593DA0A008BE835 /* HexagonParameters.swift in Sources */ = {isa = PBXBuildFile; fileRef = AD61249F2593DA0A008BE835 /* HexagonParameters.swift */; };
		AD6124A32593DAA7008BE835 /* BadgeBackground.swift in Sources */ = {isa = PBXBuildFile; fileRef = AD6124A22593DAA7008BE835 /* BadgeBackground.swift */; };
		AD6124A62593DC57008BE835 /* BadgeSymbol.swift in Sources */ = {isa = PBXBuildFile; fileRef = AD6124A52593DC57008BE835 /* BadgeSymbol.swift */; };
		AD6124A92593DCDB008BE835 /* RotatedBadgeSymbol.swift in Sources */ = {isa = PBXBuildFile; fileRef = AD6124A82593DCDB008BE835 /* RotatedBadgeSymbol.swift */; };
		AD6124AE2593DD63008BE835 /* Badge.swift in Sources */ = {isa = PBXBuildFile; fileRef = AD6124AD2593DD63008BE835 /* Badge.swift */; };
		AD6124B12593DF3D008BE835 /* hikeData.json in Resources */ = {isa = PBXBuildFile; fileRef = AD6124B02593DF3D008BE835 /* hikeData.json */; };
		AD6124B42593DF5C008BE835 /* Hike.swift in Sources */ = {isa = PBXBuildFile; fileRef = AD6124B32593DF5C008BE835 /* Hike.swift */; };
		AD6124BB2593DFCA008BE835 /* GraphCapsule.swift in Sources */ = {isa = PBXBuildFile; fileRef = AD6124B72593DFCA008BE835 /* GraphCapsule.swift */; };
		AD6124BC2593DFCA008BE835 /* HikeGraph.swift in Sources */ = {isa = PBXBuildFile; fileRef = AD6124B82593DFCA008BE835 /* HikeGraph.swift */; };
		AD6124BD2593DFCA008BE835 /* HikeDetail.swift in Sources */ = {isa = PBXBuildFile; fileRef = AD6124B92593DFCA008BE835 /* HikeDetail.swift */; };
		AD6124BE2593DFCA008BE835 /* HikeView.swift in Sources */ = {isa = PBXBuildFile; fileRef = AD6124BA2593DFCA008BE835 /* HikeView.swift */; };
		AD6124C22593E6FB008BE835 /* CategoryHome.swift in Sources */ = {isa = PBXBuildFile; fileRef = AD6124C12593E6FB008BE835 /* CategoryHome.swift */; };
		AD6124C52593E8B8008BE835 /* CategoryRows.swift in Sources */ = {isa = PBXBuildFile; fileRef = AD6124C42593E8B8008BE835 /* CategoryRows.swift */; };
		AD6124C82593EB1A008BE835 /* CategoryItem.swift in Sources */ = {isa = PBXBuildFile; fileRef = AD6124C72593EB1A008BE835 /* CategoryItem.swift */; };
		AD6124CB2593F349008BE835 /* Profile.swift in Sources */ = {isa = PBXBuildFile; fileRef = AD6124CA2593F349008BE835 /* Profile.swift */; };
		AD6124CF2593F3A7008BE835 /* ProfileHost.swift in Sources */ = {isa = PBXBuildFile; fileRef = AD6124CE2593F3A7008BE835 /* ProfileHost.swift */; };
		AD6124D22593F404008BE835 /* ProfileSummary.swift in Sources */ = {isa = PBXBuildFile; fileRef = AD6124D12593F404008BE835 /* ProfileSummary.swift */; };
		AD6124D52593F593008BE835 /* HikeBadge.swift in Sources */ = {isa = PBXBuildFile; fileRef = AD6124D42593F593008BE835 /* HikeBadge.swift */; };
		AD6CF23125938DCB00DADCEF /* LandmarksApp.swift in Sources */ = {isa = PBXBuildFile; fileRef = AD6CF23025938DCB00DADCEF /* LandmarksApp.swift */; };
		AD6CF23325938DCB00DADCEF /* ContentView.swift in Sources */ = {isa = PBXBuildFile; fileRef = AD6CF23225938DCB00DADCEF /* ContentView.swift */; };
		AD6CF23525938DCB00DADCEF /* Assets.xcassets in Resources */ = {isa = PBXBuildFile; fileRef = AD6CF23425938DCB00DADCEF /* Assets.xcassets */; };
		AD6CF23825938DCB00DADCEF /* Preview Assets.xcassets in Resources */ = {isa = PBXBuildFile; fileRef = AD6CF23725938DCB00DADCEF /* Preview Assets.xcassets */; };
		AD6CF2432593916F00DADCEF /* CircleImage.swift in Sources */ = {isa = PBXBuildFile; fileRef = AD6CF2422593916F00DADCEF /* CircleImage.swift */; };
		AD6CF2462593926000DADCEF /* MapView.swift in Sources */ = {isa = PBXBuildFile; fileRef = AD6CF2452593926000DADCEF /* MapView.swift */; };
		AD6CF24925939ACF00DADCEF /* landmarkData.json in Resources */ = {isa = PBXBuildFile; fileRef = AD6CF24825939ACF00DADCEF /* landmarkData.json */; };
		AD6CF24D25939B8200DADCEF /* Landmark.swift in Sources */ = {isa = PBXBuildFile; fileRef = AD6CF24C25939B8200DADCEF /* Landmark.swift */; };
/* End PBXBuildFile section */

/* Begin PBXFileReference section */
		AD5551ED2593FCFC00507423 /* ProfileEditor.swift */ = {isa = PBXFileReference; lastKnownFileType = sourcecode.swift; path = ProfileEditor.swift; sourceTree = "<group>"; };
		AD5551F02593FE0800507423 /* LandmarkNew.swift */ = {isa = PBXFileReference; lastKnownFileType = sourcecode.swift; path = LandmarkNew.swift; sourceTree = "<group>"; };
		AD61248825939DBD008BE835 /* ModelData.swift */ = {isa = PBXFileReference; lastKnownFileType = sourcecode.swift; path = ModelData.swift; sourceTree = "<group>"; };
		AD61248B25939EDE008BE835 /* LandmarkRow.swift */ = {isa = PBXFileReference; lastKnownFileType = sourcecode.swift; path = LandmarkRow.swift; sourceTree = "<group>"; };
		AD61248E2593A7E1008BE835 /* LandmarkList.swift */ = {isa = PBXFileReference; lastKnownFileType = sourcecode.swift; path = LandmarkList.swift; sourceTree = "<group>"; };
		AD6124912593A9E0008BE835 /* LandmarkDetail.swift */ = {isa = PBXFileReference; lastKnownFileType = sourcecode.swift; path = LandmarkDetail.swift; sourceTree = "<group>"; };
		AD6124942593C369008BE835 /* FavoriteButton.swift */ = {isa = PBXFileReference; lastKnownFileType = sourcecode.swift; path = FavoriteButton.swift; sourceTree = "<group>"; };
		AD61249C2593CAB9008BE835 /* SearchBar.swift */ = {isa = PBXFileReference; lastKnownFileType = sourcecode.swift; path = SearchBar.swift; sourceTree = "<group>"; };
		AD61249F2593DA0A008BE835 /* HexagonParameters.swift */ = {isa = PBXFileReference; lastKnownFileType = sourcecode.swift; path = HexagonParameters.swift; sourceTree = "<group>"; };
		AD6124A22593DAA7008BE835 /* BadgeBackground.swift */ = {isa = PBXFileReference; lastKnownFileType = sourcecode.swift; path = BadgeBackground.swift; sourceTree = "<group>"; };
		AD6124A52593DC57008BE835 /* BadgeSymbol.swift */ = {isa = PBXFileReference; lastKnownFileType = sourcecode.swift; path = BadgeSymbol.swift; sourceTree = "<group>"; };
		AD6124A82593DCDB008BE835 /* RotatedBadgeSymbol.swift */ = {isa = PBXFileReference; lastKnownFileType = sourcecode.swift; path = RotatedBadgeSymbol.swift; sourceTree = "<group>"; };
		AD6124AD2593DD63008BE835 /* Badge.swift */ = {isa = PBXFileReference; lastKnownFileType = sourcecode.swift; path = Badge.swift; sourceTree = "<group>"; };
		AD6124B02593DF3D008BE835 /* hikeData.json */ = {isa = PBXFileReference; fileEncoding = 4; lastKnownFileType = text.json; path = hikeData.json; sourceTree = "<group>"; };
		AD6124B32593DF5C008BE835 /* Hike.swift */ = {isa = PBXFileReference; lastKnownFileType = sourcecode.swift; path = Hike.swift; sourceTree = "<group>"; };
		AD6124B72593DFCA008BE835 /* GraphCapsule.swift */ = {isa = PBXFileReference; fileEncoding = 4; lastKnownFileType = sourcecode.swift; path = GraphCapsule.swift; sourceTree = "<group>"; };
		AD6124B82593DFCA008BE835 /* HikeGraph.swift */ = {isa = PBXFileReference; fileEncoding = 4; lastKnownFileType = sourcecode.swift; path = HikeGraph.swift; sourceTree = "<group>"; };
		AD6124B92593DFCA008BE835 /* HikeDetail.swift */ = {isa = PBXFileReference; fileEncoding = 4; lastKnownFileType = sourcecode.swift; path = HikeDetail.swift; sourceTree = "<group>"; };
		AD6124BA2593DFCA008BE835 /* HikeView.swift */ = {isa = PBXFileReference; fileEncoding = 4; lastKnownFileType = sourcecode.swift; path = HikeView.swift; sourceTree = "<group>"; };
		AD6124C12593E6FB008BE835 /* CategoryHome.swift */ = {isa = PBXFileReference; lastKnownFileType = sourcecode.swift; path = CategoryHome.swift; sourceTree = "<group>"; };
		AD6124C42593E8B8008BE835 /* CategoryRows.swift */ = {isa = PBXFileReference; lastKnownFileType = sourcecode.swift; path = CategoryRows.swift; sourceTree = "<group>"; };
		AD6124C72593EB1A008BE835 /* CategoryItem.swift */ = {isa = PBXFileReference; lastKnownFileType = sourcecode.swift; path = CategoryItem.swift; sourceTree = "<group>"; };
		AD6124CA2593F349008BE835 /* Profile.swift */ = {isa = PBXFileReference; lastKnownFileType = sourcecode.swift; path = Profile.swift; sourceTree = "<group>"; };
		AD6124CE2593F3A7008BE835 /* ProfileHost.swift */ = {isa = PBXFileReference; lastKnownFileType = sourcecode.swift; path = ProfileHost.swift; sourceTree = "<group>"; };
		AD6124D12593F404008BE835 /* ProfileSummary.swift */ = {isa = PBXFileReference; lastKnownFileType = sourcecode.swift; path = ProfileSummary.swift; sourceTree = "<group>"; };
		AD6124D42593F593008BE835 /* HikeBadge.swift */ = {isa = PBXFileReference; lastKnownFileType = sourcecode.swift; path = HikeBadge.swift; sourceTree = "<group>"; };
		AD6CF22D25938DCB00DADCEF /* Landmarks.app */ = {isa = PBXFileReference; explicitFileType = wrapper.application; includeInIndex = 0; path = Landmarks.app; sourceTree = BUILT_PRODUCTS_DIR; };
		AD6CF23025938DCB00DADCEF /* LandmarksApp.swift */ = {isa = PBXFileReference; lastKnownFileType = sourcecode.swift; path = LandmarksApp.swift; sourceTree = "<group>"; };
		AD6CF23225938DCB00DADCEF /* ContentView.swift */ = {isa = PBXFileReference; lastKnownFileType = sourcecode.swift; path = ContentView.swift; sourceTree = "<group>"; };
		AD6CF23425938DCB00DADCEF /* Assets.xcassets */ = {isa = PBXFileReference; lastKnownFileType = folder.assetcatalog; path = Assets.xcassets; sourceTree = "<group>"; };
		AD6CF23725938DCB00DADCEF /* Preview Assets.xcassets */ = {isa = PBXFileReference; lastKnownFileType = folder.assetcatalog; path = "Preview Assets.xcassets"; sourceTree = "<group>"; };
		AD6CF23925938DCB00DADCEF /* Info.plist */ = {isa = PBXFileReference; lastKnownFileType = text.plist.xml; path = Info.plist; sourceTree = "<group>"; };
		AD6CF2422593916F00DADCEF /* CircleImage.swift */ = {isa = PBXFileReference; lastKnownFileType = sourcecode.swift; path = CircleImage.swift; sourceTree = "<group>"; };
		AD6CF2452593926000DADCEF /* MapView.swift */ = {isa = PBXFileReference; lastKnownFileType = sourcecode.swift; path = MapView.swift; sourceTree = "<group>"; };
		AD6CF24825939ACF00DADCEF /* landmarkData.json */ = {isa = PBXFileReference; fileEncoding = 4; lastKnownFileType = text.json; path = landmarkData.json; sourceTree = "<group>"; };
		AD6CF24C25939B8200DADCEF /* Landmark.swift */ = {isa = PBXFileReference; lastKnownFileType = sourcecode.swift; path = Landmark.swift; sourceTree = "<group>"; };
/* End PBXFileReference section */

/* Begin PBXFrameworksBuildPhase section */
		AD6CF22A25938DCB00DADCEF /* Frameworks */ = {
			isa = PBXFrameworksBuildPhase;
			buildActionMask = 2147483647;
			files = (
			);
			runOnlyForDeploymentPostprocessing = 0;
		};
/* End PBXFrameworksBuildPhase section */

/* Begin PBXGroup section */
		AD6124972593C426008BE835 /* Helpers */ = {
			isa = PBXGroup;
			children = (
				AD6CF2422593916F00DADCEF /* CircleImage.swift */,
				AD6CF2452593926000DADCEF /* MapView.swift */,
				AD6124942593C369008BE835 /* FavoriteButton.swift */,
				AD61249C2593CAB9008BE835 /* SearchBar.swift */,
			);
			path = Helpers;
			sourceTree = "<group>";
		};
		AD6124992593C43F008BE835 /* Landmarks */ = {
			isa = PBXGroup;
			children = (
				AD61248B25939EDE008BE835 /* LandmarkRow.swift */,
				AD61248E2593A7E1008BE835 /* LandmarkList.swift */,
				AD6124912593A9E0008BE835 /* LandmarkDetail.swift */,
				AD5551F02593FE0800507423 /* LandmarkNew.swift */,
			);
			path = Landmarks;
			sourceTree = "<group>";
		};
		AD6124AB2593DD2C008BE835 /* Badge */ = {
			isa = PBXGroup;
			children = (
				AD61249F2593DA0A008BE835 /* HexagonParameters.swift */,
				AD6124A22593DAA7008BE835 /* BadgeBackground.swift */,
				AD6124A52593DC57008BE835 /* BadgeSymbol.swift */,
				AD6124A82593DCDB008BE835 /* RotatedBadgeSymbol.swift */,
				AD6124AD2593DD63008BE835 /* Badge.swift */,
			);
			path = Badge;
			sourceTree = "<group>";
		};
		AD6124B62593DFCA008BE835 /* Hikes */ = {
			isa = PBXGroup;
			children = (
				AD6124B72593DFCA008BE835 /* GraphCapsule.swift */,
				AD6124B82593DFCA008BE835 /* HikeGraph.swift */,
				AD6124B92593DFCA008BE835 /* HikeDetail.swift */,
				AD6124BA2593DFCA008BE835 /* HikeView.swift */,
				AD6124D42593F593008BE835 /* HikeBadge.swift */,
			);
			path = Hikes;
			sourceTree = "<group>";
		};
		AD6124C02593E6E1008BE835 /* Categories */ = {
			isa = PBXGroup;
			children = (
				AD6124C12593E6FB008BE835 /* CategoryHome.swift */,
				AD6124C42593E8B8008BE835 /* CategoryRows.swift */,
				AD6124C72593EB1A008BE835 /* CategoryItem.swift */,
			);
			path = Categories;
			sourceTree = "<group>";
		};
		AD6124CD2593F38B008BE835 /* Profiles */ = {
			isa = PBXGroup;
			children = (
				AD6124CE2593F3A7008BE835 /* ProfileHost.swift */,
				AD6124D12593F404008BE835 /* ProfileSummary.swift */,
				AD5551ED2593FCFC00507423 /* ProfileEditor.swift */,
			);
			path = Profiles;
			sourceTree = "<group>";
		};
		AD6CF22425938DCB00DADCEF = {
			isa = PBXGroup;
			children = (
				AD6CF22F25938DCB00DADCEF /* Landmarks */,
				AD6CF22E25938DCB00DADCEF /* Products */,
			);
			sourceTree = "<group>";
		};
		AD6CF22E25938DCB00DADCEF /* Products */ = {
			isa = PBXGroup;
			children = (
				AD6CF22D25938DCB00DADCEF /* Landmarks.app */,
			);
			name = Products;
			sourceTree = "<group>";
		};
		AD6CF22F25938DCB00DADCEF /* Landmarks */ = {
			isa = PBXGroup;
			children = (
				AD6CF24F25939B8600DADCEF /* Model */,
				AD6CF2402593915300DADCEF /* Views */,
				AD6CF24B25939B0900DADCEF /* Resources */,
				AD6CF23025938DCB00DADCEF /* LandmarksApp.swift */,
				AD6CF23425938DCB00DADCEF /* Assets.xcassets */,
				AD6CF23925938DCB00DADCEF /* Info.plist */,
				AD6CF23625938DCB00DADCEF /* Preview Content */,
			);
			path = Landmarks;
			sourceTree = "<group>";
		};
		AD6CF23625938DCB00DADCEF /* Preview Content */ = {
			isa = PBXGroup;
			children = (
				AD6CF23725938DCB00DADCEF /* Preview Assets.xcassets */,
			);
			path = "Preview Content";
			sourceTree = "<group>";
		};
		AD6CF2402593915300DADCEF /* Views */ = {
			isa = PBXGroup;
			children = (
				AD6124CD2593F38B008BE835 /* Profiles */,
				AD6124C02593E6E1008BE835 /* Categories */,
				AD6124B62593DFCA008BE835 /* Hikes */,
				AD6124AB2593DD2C008BE835 /* Badge */,
				AD6CF23225938DCB00DADCEF /* ContentView.swift */,
				AD6124972593C426008BE835 /* Helpers */,
				AD6124992593C43F008BE835 /* Landmarks */,
			);
			path = Views;
			sourceTree = "<group>";
		};
		AD6CF24B25939B0900DADCEF /* Resources */ = {
			isa = PBXGroup;
			children = (
				AD6124B02593DF3D008BE835 /* hikeData.json */,
				AD6CF24825939ACF00DADCEF /* landmarkData.json */,
			);
			path = Resources;
			sourceTree = "<group>";
		};
		AD6CF24F25939B8600DADCEF /* Model */ = {
			isa = PBXGroup;
			children = (
				AD6CF24C25939B8200DADCEF /* Landmark.swift */,
				AD61248825939DBD008BE835 /* ModelData.swift */,
				AD6124B32593DF5C008BE835 /* Hike.swift */,
				AD6124CA2593F349008BE835 /* Profile.swift */,
			);
			path = Model;
			sourceTree = "<group>";
		};
/* End PBXGroup section */

/* Begin PBXNativeTarget section */
		AD6CF22C25938DCB00DADCEF /* Landmarks */ = {
			isa = PBXNativeTarget;
			buildConfigurationList = AD6CF23C25938DCB00DADCEF /* Build configuration list for PBXNativeTarget "Landmarks" */;
			buildPhases = (
				AD6CF22925938DCB00DADCEF /* Sources */,
				AD6CF22A25938DCB00DADCEF /* Frameworks */,
				AD6CF22B25938DCB00DADCEF /* Resources */,
			);
			buildRules = (
			);
			dependencies = (
			);
			name = Landmarks;
			productName = Landmarks;
			productReference = AD6CF22D25938DCB00DADCEF /* Landmarks.app */;
			productType = "com.apple.product-type.application";
		};
/* End PBXNativeTarget section */

/* Begin PBXProject section */
		AD6CF22525938DCB00DADCEF /* Project object */ = {
			isa = PBXProject;
			attributes = {
				LastSwiftUpdateCheck = 1210;
				LastUpgradeCheck = 1210;
				TargetAttributes = {
					AD6CF22C25938DCB00DADCEF = {
						CreatedOnToolsVersion = 12.1;
					};
				};
			};
			buildConfigurationList = AD6CF22825938DCB00DADCEF /* Build configuration list for PBXProject "Landmarks" */;
			compatibilityVersion = "Xcode 9.3";
			developmentRegion = en;
			hasScannedForEncodings = 0;
			knownRegions = (
				en,
				Base,
			);
			mainGroup = AD6CF22425938DCB00DADCEF;
			productRefGroup = AD6CF22E25938DCB00DADCEF /* Products */;
			projectDirPath = "";
			projectRoot = "";
			targets = (
				AD6CF22C25938DCB00DADCEF /* Landmarks */,
			);
		};
/* End PBXProject section */

/* Begin PBXResourcesBuildPhase section */
		AD6CF22B25938DCB00DADCEF /* Resources */ = {
			isa = PBXResourcesBuildPhase;
			buildActionMask = 2147483647;
			files = (
				AD6124B12593DF3D008BE835 /* hikeData.json in Resources */,
				AD6CF23825938DCB00DADCEF /* Preview Assets.xcassets in Resources */,
				AD6CF23525938DCB00DADCEF /* Assets.xcassets in Resources */,
				AD6CF24925939ACF00DADCEF /* landmarkData.json in Resources */,
			);
			runOnlyForDeploymentPostprocessing = 0;
		};
/* End PBXResourcesBuildPhase section */

/* Begin PBXSourcesBuildPhase section */
		AD6CF22925938DCB00DADCEF /* Sources */ = {
			isa = PBXSourcesBuildPhase;
			buildActionMask = 2147483647;
			files = (
				AD6124B42593DF5C008BE835 /* Hike.swift in Sources */,
				AD6124A02593DA0A008BE835 /* HexagonParameters.swift in Sources */,
				AD6CF23325938DCB00DADCEF /* ContentView.swift in Sources */,
				AD6CF2462593926000DADCEF /* MapView.swift in Sources */,
				AD6124C22593E6FB008BE835 /* CategoryHome.swift in Sources */,
				AD6124CF2593F3A7008BE835 /* ProfileHost.swift in Sources */,
				AD6124D52593F593008BE835 /* HikeBadge.swift in Sources */,
				AD6124BC2593DFCA008BE835 /* HikeGraph.swift in Sources */,
				AD6CF23125938DCB00DADCEF /* LandmarksApp.swift in Sources */,
				AD6124952593C369008BE835 /* FavoriteButton.swift in Sources */,
				AD61248F2593A7E1008BE835 /* LandmarkList.swift in Sources */,
				AD6124C52593E8B8008BE835 /* CategoryRows.swift in Sources */,
				AD6124D22593F404008BE835 /* ProfileSummary.swift in Sources */,
				AD5551EE2593FCFC00507423 /* ProfileEditor.swift in Sources */,
				AD5551F12593FE0800507423 /* LandmarkNew.swift in Sources */,
				AD6124C82593EB1A008BE835 /* CategoryItem.swift in Sources */,
				AD6124922593A9E0008BE835 /* LandmarkDetail.swift in Sources */,
				AD6124A62593DC57008BE835 /* BadgeSymbol.swift in Sources */,
				AD6124A92593DCDB008BE835 /* RotatedBadgeSymbol.swift in Sources */,
				AD6124AE2593DD63008BE835 /* Badge.swift in Sources */,
				AD6CF2432593916F00DADCEF /* CircleImage.swift in Sources */,
				AD6124CB2593F349008BE835 /* Profile.swift in Sources */,
				AD6124A32593DAA7008BE835 /* BadgeBackground.swift in Sources */,
				AD6CF24D25939B8200DADCEF /* Landmark.swift in Sources */,
				AD6124BB2593DFCA008BE835 /* GraphCapsule.swift in Sources */,
				AD6124BE2593DFCA008BE835 /* HikeView.swift in Sources */,
				AD61248C25939EDE008BE835 /* LandmarkRow.swift in Sources */,
				AD61249D2593CAB9008BE835 /* SearchBar.swift in Sources */,
				AD61248925939DBD008BE835 /* ModelData.swift in Sources */,
				AD6124BD2593DFCA008BE835 /* HikeDetail.swift in Sources */,
			);
			runOnlyForDeploymentPostprocessing = 0;
		};
/* End PBXSourcesBuildPhase section */

/* Begin XCBuildConfiguration section */
		AD6CF23A25938DCB00DADCEF /* Debug */ = {
			isa = XCBuildConfiguration;
			buildSettings = {
				ALWAYS_SEARCH_USER_PATHS = NO;
				CLANG_ANALYZER_NONNULL = YES;
				CLANG_ANALYZER_NUMBER_OBJECT_CONVERSION = YES_AGGRESSIVE;
				CLANG_CXX_LANGUAGE_STANDARD = "gnu++14";
				CLANG_CXX_LIBRARY = "libc++";
				CLANG_ENABLE_MODULES = YES;
				CLANG_ENABLE_OBJC_ARC = YES;
				CLANG_ENABLE_OBJC_WEAK = YES;
				CLANG_WARN_BLOCK_CAPTURE_AUTORELEASING = YES;
				CLANG_WARN_BOOL_CONVERSION = YES;
				CLANG_WARN_COMMA = YES;
				CLANG_WARN_CONSTANT_CONVERSION = YES;
				CLANG_WARN_DEPRECATED_OBJC_IMPLEMENTATIONS = YES;
				CLANG_WARN_DIRECT_OBJC_ISA_USAGE = YES_ERROR;
				CLANG_WARN_DOCUMENTATION_COMMENTS = YES;
				CLANG_WARN_EMPTY_BODY = YES;
				CLANG_WARN_ENUM_CONVERSION = YES;
				CLANG_WARN_INFINITE_RECURSION = YES;
				CLANG_WARN_INT_CONVERSION = YES;
				CLANG_WARN_NON_LITERAL_NULL_CONVERSION = YES;
				CLANG_WARN_OBJC_IMPLICIT_RETAIN_SELF = YES;
				CLANG_WARN_OBJC_LITERAL_CONVERSION = YES;
				CLANG_WARN_OBJC_ROOT_CLASS = YES_ERROR;
				CLANG_WARN_QUOTED_INCLUDE_IN_FRAMEWORK_HEADER = YES;
				CLANG_WARN_RANGE_LOOP_ANALYSIS = YES;
				CLANG_WARN_STRICT_PROTOTYPES = YES;
				CLANG_WARN_SUSPICIOUS_MOVE = YES;
				CLANG_WARN_UNGUARDED_AVAILABILITY = YES_AGGRESSIVE;
				CLANG_WARN_UNREACHABLE_CODE = YES;
				CLANG_WARN__DUPLICATE_METHOD_MATCH = YES;
				COPY_PHASE_STRIP = NO;
				DEBUG_INFORMATION_FORMAT = dwarf;
				ENABLE_STRICT_OBJC_MSGSEND = YES;
				ENABLE_TESTABILITY = YES;
				GCC_C_LANGUAGE_STANDARD = gnu11;
				GCC_DYNAMIC_NO_PIC = NO;
				GCC_NO_COMMON_BLOCKS = YES;
				GCC_OPTIMIZATION_LEVEL = 0;
				GCC_PREPROCESSOR_DEFINITIONS = (
					"DEBUG=1",
					"$(inherited)",
				);
				GCC_WARN_64_TO_32_BIT_CONVERSION = YES;
				GCC_WARN_ABOUT_RETURN_TYPE = YES_ERROR;
				GCC_WARN_UNDECLARED_SELECTOR = YES;
				GCC_WARN_UNINITIALIZED_AUTOS = YES_AGGRESSIVE;
				GCC_WARN_UNUSED_FUNCTION = YES;
				GCC_WARN_UNUSED_VARIABLE = YES;
				IPHONEOS_DEPLOYMENT_TARGET = 14.1;
				MTL_ENABLE_DEBUG_INFO = INCLUDE_SOURCE;
				MTL_FAST_MATH = YES;
				ONLY_ACTIVE_ARCH = YES;
				SDKROOT = iphoneos;
				SWIFT_ACTIVE_COMPILATION_CONDITIONS = DEBUG;
				SWIFT_OPTIMIZATION_LEVEL = "-Onone";
			};
			name = Debug;
		};
		AD6CF23B25938DCB00DADCEF /* Release */ = {
			isa = XCBuildConfiguration;
			buildSettings = {
				ALWAYS_SEARCH_USER_PATHS = NO;
				CLANG_ANALYZER_NONNULL = YES;
				CLANG_ANALYZER_NUMBER_OBJECT_CONVERSION = YES_AGGRESSIVE;
				CLANG_CXX_LANGUAGE_STANDARD = "gnu++14";
				CLANG_CXX_LIBRARY = "libc++";
				CLANG_ENABLE_MODULES = YES;
				CLANG_ENABLE_OBJC_ARC = YES;
				CLANG_ENABLE_OBJC_WEAK = YES;
				CLANG_WARN_BLOCK_CAPTURE_AUTORELEASING = YES;
				CLANG_WARN_BOOL_CONVERSION = YES;
				CLANG_WARN_COMMA = YES;
				CLANG_WARN_CONSTANT_CONVERSION = YES;
				CLANG_WARN_DEPRECATED_OBJC_IMPLEMENTATIONS = YES;
				CLANG_WARN_DIRECT_OBJC_ISA_USAGE = YES_ERROR;
				CLANG_WARN_DOCUMENTATION_COMMENTS = YES;
				CLANG_WARN_EMPTY_BODY = YES;
				CLANG_WARN_ENUM_CONVERSION = YES;
				CLANG_WARN_INFINITE_RECURSION = YES;
				CLANG_WARN_INT_CONVERSION = YES;
				CLANG_WARN_NON_LITERAL_NULL_CONVERSION = YES;
				CLANG_WARN_OBJC_IMPLICIT_RETAIN_SELF = YES;
				CLANG_WARN_OBJC_LITERAL_CONVERSION = YES;
				CLANG_WARN_OBJC_ROOT_CLASS = YES_ERROR;
				CLANG_WARN_QUOTED_INCLUDE_IN_FRAMEWORK_HEADER = YES;
				CLANG_WARN_RANGE_LOOP_ANALYSIS = YES;
				CLANG_WARN_STRICT_PROTOTYPES = YES;
				CLANG_WARN_SUSPICIOUS_MOVE = YES;
				CLANG_WARN_UNGUARDED_AVAILABILITY = YES_AGGRESSIVE;
				CLANG_WARN_UNREACHABLE_CODE = YES;
				CLANG_WARN__DUPLICATE_METHOD_MATCH = YES;
				COPY_PHASE_STRIP = NO;
				DEBUG_INFORMATION_FORMAT = "dwarf-with-dsym";
				ENABLE_NS_ASSERTIONS = NO;
				ENABLE_STRICT_OBJC_MSGSEND = YES;
				GCC_C_LANGUAGE_STANDARD = gnu11;
				GCC_NO_COMMON_BLOCKS = YES;
				GCC_WARN_64_TO_32_BIT_CONVERSION = YES;
				GCC_WARN_ABOUT_RETURN_TYPE = YES_ERROR;
				GCC_WARN_UNDECLARED_SELECTOR = YES;
				GCC_WARN_UNINITIALIZED_AUTOS = YES_AGGRESSIVE;
				GCC_WARN_UNUSED_FUNCTION = YES;
				GCC_WARN_UNUSED_VARIABLE = YES;
				IPHONEOS_DEPLOYMENT_TARGET = 14.1;
				MTL_ENABLE_DEBUG_INFO = NO;
				MTL_FAST_MATH = YES;
				SDKROOT = iphoneos;
				SWIFT_COMPILATION_MODE = wholemodule;
				SWIFT_OPTIMIZATION_LEVEL = "-O";
				VALIDATE_PRODUCT = YES;
			};
			name = Release;
		};
		AD6CF23D25938DCB00DADCEF /* Debug */ = {
			isa = XCBuildConfiguration;
			buildSettings = {
				ASSETCATALOG_COMPILER_APPICON_NAME = AppIcon;
				ASSETCATALOG_COMPILER_GLOBAL_ACCENT_COLOR_NAME = AccentColor;
				CODE_SIGN_STYLE = Automatic;
				DEVELOPMENT_ASSET_PATHS = "\"Landmarks/Preview Content\"";
				DEVELOPMENT_TEAM = 32G5V428A6;
				ENABLE_PREVIEWS = YES;
				INFOPLIST_FILE = Landmarks/Info.plist;
				IPHONEOS_DEPLOYMENT_TARGET = 14.0;
				LD_RUNPATH_SEARCH_PATHS = (
					"$(inherited)",
					"@executable_path/Frameworks",
				);
				PRODUCT_BUNDLE_IDENTIFIER = "com.gmail-williams.amanda.shawn.Landmarks";
				PRODUCT_NAME = "$(TARGET_NAME)";
				SWIFT_VERSION = 5.0;
				TARGETED_DEVICE_FAMILY = "1,2";
			};
			name = Debug;
		};
		AD6CF23E25938DCB00DADCEF /* Release */ = {
			isa = XCBuildConfiguration;
			buildSettings = {
				ASSETCATALOG_COMPILER_APPICON_NAME = AppIcon;
				ASSETCATALOG_COMPILER_GLOBAL_ACCENT_COLOR_NAME = AccentColor;
				CODE_SIGN_STYLE = Automatic;
				DEVELOPMENT_ASSET_PATHS = "\"Landmarks/Preview Content\"";
				DEVELOPMENT_TEAM = 32G5V428A6;
				ENABLE_PREVIEWS = YES;
				INFOPLIST_FILE = Landmarks/Info.plist;
				IPHONEOS_DEPLOYMENT_TARGET = 14.0;
				LD_RUNPATH_SEARCH_PATHS = (
					"$(inherited)",
					"@executable_path/Frameworks",
				);
				PRODUCT_BUNDLE_IDENTIFIER = "com.gmail-williams.amanda.shawn.Landmarks";
				PRODUCT_NAME = "$(TARGET_NAME)";
				SWIFT_VERSION = 5.0;
				TARGETED_DEVICE_FAMILY = "1,2";
			};
			name = Release;
		};
/* End XCBuildConfiguration section */

/* Begin XCConfigurationList section */
		AD6CF22825938DCB00DADCEF /* Build configuration list for PBXProject "Landmarks" */ = {
			isa = XCConfigurationList;
			buildConfigurations = (
				AD6CF23A25938DCB00DADCEF /* Debug */,
				AD6CF23B25938DCB00DADCEF /* Release */,
			);
			defaultConfigurationIsVisible = 0;
			defaultConfigurationName = Release;
		};
		AD6CF23C25938DCB00DADCEF /* Build configuration list for PBXNativeTarget "Landmarks" */ = {
			isa = XCConfigurationList;
			buildConfigurations = (
				AD6CF23D25938DCB00DADCEF /* Debug */,
				AD6CF23E25938DCB00DADCEF /* Release */,
			);
			defaultConfigurationIsVisible = 0;
			defaultConfigurationName = Release;
		};
/* End XCConfigurationList section */
	};
	rootObject = AD6CF22525938DCB00DADCEF /* Project object */;
}
